# This file is autogenerated, do not edit; changes may be undone by the next 'dep ensure'.


[[projects]]
  branch = "master"
  digest = "1:d1a104572273cfb58e801812704dca4fe2eab80f3b0144592a722a76c280c598"
  name = "code.cloudfoundry.org/bytefmt"
  packages = ["."]
  pruneopts = "UT"
  revision = "2aa6f33b730c79971cfc3c742f279195b0abc627"

[[projects]]
  branch = "master"
  digest = "1:5082f69838ac2b0282654a630e26dd402488900b34f94d00fbd11747d167bc15"
  name = "code.cloudfoundry.org/cli"
  packages = [
    "actor/actionerror",
    "api/cloudcontroller/ccerror",
    "api/cloudcontroller/ccv2/constant",
    "api/plugin/pluginerror",
    "api/uaa",
    "api/uaa/constant",
    "api/uaa/internal",
    "cf",
    "cf/configuration",
    "cf/configuration/coreconfig",
    "cf/formatters",
    "cf/i18n",
    "cf/models",
    "cf/terminal",
    "cf/trace",
    "command/translatableerror",
    "i18n/resources",
    "plugin",
    "plugin/models",
    "types",
    "util",
    "util/clissh/ssherror",
    "util/configv3",
    "util/download",
    "util/manifest",
    "util/ui",
    "version",
  ]
  pruneopts = "UT"
  revision = "7168de1051d4767cefe46132b49f5dff539a8ff7"

[[projects]]
  branch = "master"
  digest = "1:c77d5a80dccb390223163d50608d3bb5d9c47b3e0c950c491de640543c8c60c7"
  name = "code.cloudfoundry.org/go-diodes"
  packages = ["."]
  pruneopts = "UT"
  revision = "72629b5276e3e1512ff8c943470848634bf0cabd"

[[projects]]
  branch = "master"
  digest = "1:0d61f3720450c2da8714304e943442ca8289f31835d1e017175337d81e404dd1"
  name = "code.cloudfoundry.org/go-loggregator"
  packages = [
    ".",
    "rpc/loggregator_v2",
  ]
  pruneopts = "UT"
  revision = "ac5108573974ebe61bf4aa346f4b2692545259ac"

[[projects]]
  branch = "master"
  digest = "1:1923d1fb0da377cb0f9174bb14b0d70e8f21d146176eff940c2580a27c930374"
  name = "code.cloudfoundry.org/rfc5424"
  packages = ["."]
  pruneopts = "UT"
  revision = "236a6d29298aea12f69978f33393d12465abc429"

[[projects]]
  digest = "1:a69ab3f1445ffd4815add4bd31ba05b65b3b9fec1ade5057d5d717f30e6efd6d"
  name = "github.com/SermoDigital/jose"
  packages = [
    ".",
    "crypto",
    "jws",
    "jwt",
  ]
  pruneopts = "UT"
  revision = "f6df55f235c24f236d11dbcf665249a59ac2021f"
  version = "1.1"

[[projects]]
  digest = "1:705c40022f5c03bf96ffeb6477858d88565064485a513abcd0f11a0911546cb6"
  name = "github.com/blang/semver"
  packages = ["."]
  pruneopts = "UT"
  revision = "2ee87856327ba09384cabd113bc6b5d174e9ec0f"
  version = "v3.5.1"

[[projects]]
  digest = "1:2aaf2cc045d0219bba79655e4df795b973168c310574669cb75786684f7287d3"
  name = "github.com/bmatcuk/doublestar"
  packages = ["."]
  pruneopts = "UT"
  revision = "85a78806aa1b4707d1dbace9be592cf1ece91ab3"
  version = "v1.1.1"

[[projects]]
  branch = "master"
  digest = "1:58927c45bfdcd6550e5f1ab008eeeb6951474a232afa1dc690583f26c5f92cbd"
  name = "github.com/charlievieth/fs"
  packages = ["."]
  pruneopts = "UT"
  revision = "7dc373669fa10ddf827c37c595dee30a2f001be9"

[[projects]]
  digest = "1:24fc51072bca32204c162b79ede835505b3c5c5cce4e2e0cd6184ff2376486c9"
  name = "github.com/cloudfoundry/bosh-cli"
  packages = ["director/template"]
  pruneopts = "UT"
  revision = "712bfd7271b478ba03c3f604339e2eefbec4647c"
  version = "v3.0.1"

[[projects]]
  branch = "master"
  digest = "1:38935e5f60a40103b0f4c3976d7741775f494b64ccdc74cc927f5853c25c5adf"
  name = "github.com/cloudfoundry/bosh-utils"
  packages = [
    "errors",
    "logger",
    "system",
  ]
  pruneopts = "UT"
  revision = "f1d51d8b54a541c012a4e3a42d12a7f5a1f60bf1"

[[projects]]
  branch = "master"
  digest = "1:71570cb9af58f4981cd3b6ac9902b37e978e1f3c34f35a04a3a4837ea542500f"
  name = "github.com/cppforlife/go-patch"
  packages = ["patch"]
  pruneopts = "UT"
  revision = "250da0e0e68ce3367b4302f34218f6c064eb9559"

[[projects]]
  branch = "master"
  digest = "1:ae7af28895023cc60b0c04e7c9e236ff04a0dfbe8bc4c4d9be8c86aad3fc4fcd"
  name = "github.com/fatih/color"
  packages = ["."]
  pruneopts = "UT"
  revision = "3f9d52f7176a6927daacff70a3e8d1dc2025c53e"

[[projects]]
  branch = "master"
  digest = "1:1304519a9aa4f7c865fa7ddcb3f3a745e2e717fc2428857ec5093be3cf190b4d"
  name = "github.com/golang/protobuf"
  packages = [
    "jsonpb",
    "proto",
    "ptypes",
    "ptypes/any",
    "ptypes/duration",
    "ptypes/struct",
    "ptypes/timestamp",
  ]
  pruneopts = "UT"
  revision = "52132540909e117f2b98b0694383dc0ab1e1deca"

[[projects]]
  branch = "master"
  digest = "1:59392ed8afb901aab4287d4894df8191722e34f3957716f4350c8c133ce99046"
  name = "github.com/hpcloud/tail"
  packages = [
    ".",
    "ratelimiter",
    "util",
    "watch",
    "winfile",
  ]
  pruneopts = "UT"
  revision = "a1dbeea552b7c8df4b542c66073e393de198a800"

[[projects]]
  digest = "1:0a69a1c0db3591fcefb47f115b224592c8dfa4368b7ba9fae509d5e16cdc95c8"
  name = "github.com/konsorten/go-windows-terminal-sequences"
  packages = ["."]
  pruneopts = "UT"
  revision = "5c8c8bd35d3832f5d134ae1e1e375b69a4d25242"
  version = "v1.0.1"

[[projects]]
  branch = "master"
  digest = "1:bb08c7bb1c7224636b1a00639f079ed4391eb822945f26db74b8d8ee3f14d991"
  name = "github.com/lunixbochs/vtclean"
  packages = ["."]
  pruneopts = "UT"
  revision = "2d01aacdc34a083dca635ba869909f5fc0cd4f41"

[[projects]]
  digest = "1:c658e84ad3916da105a761660dcaeb01e63416c8ec7bc62256a9b411a05fcd67"
  name = "github.com/mattn/go-colorable"
  packages = ["."]
  pruneopts = "UT"
  revision = "167de6bfdfba052fa6b2d3664c8f5272e23c9072"
  version = "v0.0.9"

[[projects]]
  digest = "1:0981502f9816113c9c8c4ac301583841855c8cf4da8c72f696b3ebedf6d0e4e5"
  name = "github.com/mattn/go-isatty"
  packages = ["."]
  pruneopts = "UT"
  revision = "6ca4dbf54d38eea1a992b3c722a76a5d1c4cb25c"
  version = "v0.0.4"

[[projects]]
  branch = "master"
  digest = "1:bcdd3c95159bf18932c5a3bc7da945c19dd477f54d0d24f4ea04b31076468681"
  name = "github.com/mattn/go-runewidth"
  packages = ["."]
  pruneopts = "UT"
  revision = "97311d9f7767e3d6f422ea06661bc2c7a19e8a5d"

[[projects]]
  branch = "master"
  digest = "1:42e29deef12327a69123b9cb2cb45fee4af5c12c2a23c6e477338279a052703f"
  name = "github.com/onsi/ginkgo"
  packages = [
    ".",
    "config",
    "internal/codelocation",
    "internal/containernode",
    "internal/failer",
    "internal/leafnodes",
    "internal/remote",
    "internal/spec",
    "internal/spec_iterator",
    "internal/specrunner",
    "internal/suite",
    "internal/testingtproxy",
    "internal/writer",
    "reporters",
    "reporters/stenographer",
    "reporters/stenographer/support/go-colorable",
    "reporters/stenographer/support/go-isatty",
    "types",
  ]
  pruneopts = "UT"
  revision = "3774a09d95489ccaa16032e0770d08ea77ba6184"

[[projects]]
  branch = "master"
  digest = "1:777fad48d1388b9d0820117667907e9ecccdbe2f65010d99a133b50c933f1819"
  name = "github.com/onsi/gomega"
  packages = [
    ".",
    "format",
    "internal/assertion",
    "internal/asyncassertion",
    "internal/oraclematcher",
    "internal/testingtsupport",
    "matchers",
    "matchers/support/goraph/bipartitegraph",
    "matchers/support/goraph/edge",
    "matchers/support/goraph/node",
    "matchers/support/goraph/util",
    "types",
  ]
  pruneopts = "UT"
  revision = "de89e61d40b75aa971a9fc3eae7f4fefabd6e0ee"

[[projects]]
  digest = "1:69b1cc331fca23d702bd72f860c6a647afd0aa9fcbc1d0659b1365e26546dd70"
  name = "github.com/sirupsen/logrus"
  packages = ["."]
  pruneopts = "UT"
  revision = "bcd833dfe83d3cebad139e4a29ed79cb2318bf95"
  version = "v1.2.0"

[[projects]]
  branch = "master"
  digest = "1:b54b140b8d4a69b461f678f7ed57c89ef5e5c6343497542c8b697228cb7c8a51"
  name = "github.com/vito/go-interact"
  packages = [
    "interact",
    "interact/terminal",
  ]
  pruneopts = "UT"
  revision = "fa338ed9e9ecbb0e9c2e6c7a0160d9fc9b0efbd9"

[[projects]]
  branch = "master"
  digest = "1:707ec3bb6ccc1cd330b8789467fa6cd8dad40f63fed028ba777a6c2ca13a9838"
  name = "golang.org/x/crypto"
  packages = ["ssh/terminal"]
  pruneopts = "UT"
  revision = "13931e22f9e72ea58bb73048bc752b48c6d4d4ac"

[[projects]]
  branch = "master"
  digest = "1:3ae84d9e9bb9231f3eeb041c8175854e6b66d8c01627433b29966d44e73068b2"
  name = "golang.org/x/net"
  packages = [
    "context",
    "html",
    "html/atom",
    "html/charset",
    "http2",
    "http2/hpack",
    "idna",
    "internal/timeseries",
    "lex/httplex",
    "trace",
  ]
  pruneopts = "UT"
  revision = "5ccada7d0a7ba9aeb5d3aca8d3501b4c2a509fec"

[[projects]]
  branch = "master"
  digest = "1:bdca49f740c54ab3be0dc647cc246239f78ace2445b0938004e369166d3b8c33"
  name = "golang.org/x/sys"
  packages = [
    "unix",
    "windows",
  ]
  pruneopts = "UT"
  revision = "2c42eef0765b9837fbdab12011af7830f55f88f0"

[[projects]]
  branch = "master"
  digest = "1:56535275ea1db345611719e9c6be5cd8715e3dfc55880d185d667eecf26ad790"
  name = "golang.org/x/text"
  packages = [
    "collate",
    "collate/build",
    "encoding",
    "encoding/charmap",
    "encoding/htmlindex",
    "encoding/internal",
    "encoding/internal/identifier",
    "encoding/japanese",
    "encoding/korean",
    "encoding/simplifiedchinese",
    "encoding/traditionalchinese",
    "encoding/unicode",
    "internal/colltab",
    "internal/gen",
    "internal/language",
    "internal/tag",
    "internal/triegen",
    "internal/ucd",
    "internal/utf8internal",
    "language",
    "runes",
    "secure/bidirule",
    "transform",
    "unicode/bidi",
    "unicode/cldr",
    "unicode/norm",
    "unicode/rangetable",
  ]
  pruneopts = "UT"
  revision = "b7ef84aaf62aa3e70962625c80a571ae7c17cb40"

[[projects]]
  branch = "master"
  digest = "1:56b0bca90b7e5d1facf5fbdacba23e4e0ce069d25381b8e2f70ef1e7ebfb9c1a"
  name = "google.golang.org/genproto"
  packages = ["googleapis/rpc/status"]
  pruneopts = "UT"
  revision = "b5d43981345bdb2c233eb4bf3277847b48c6fdc6"

[[projects]]
  branch = "master"
  digest = "1:381f2232bbfaed4c60c69e5cf5455bbb0662d4517d70bf029c766b8739a84499"
  name = "google.golang.org/grpc"
  packages = [
    ".",
    "balancer",
    "balancer/base",
    "balancer/roundrobin",
    "binarylog/grpc_binarylog_v1",
    "codes",
    "connectivity",
    "credentials",
    "credentials/internal",
    "encoding",
    "encoding/proto",
    "grpclog",
    "internal",
    "internal/backoff",
    "internal/binarylog",
    "internal/channelz",
    "internal/envconfig",
    "internal/grpcrand",
    "internal/grpcsync",
    "internal/syscall",
    "internal/transport",
    "keepalive",
    "metadata",
    "naming",
    "peer",
    "resolver",
    "resolver/dns",
    "resolver/passthrough",
    "stats",
    "status",
    "tap",
  ]
  pruneopts = "UT"
  revision = "f3eb5bc06e940f09d5ab876c749c489d43cfbf1d"

[[projects]]
  digest = "1:50ec2f81389fbc7a1e496e1d1dc07adfe080fd15e015e9ba0e08ddaf1d4635ef"
  name = "gopkg.in/cheggaaa/pb.v1"
  packages = ["."]
  pruneopts = "UT"
  revision = "007b75a044e968336a69a6c0c617251ab62ac14c"
  version = "v1.0.26"

[[projects]]
  digest = "1:abeb38ade3f32a92943e5be54f55ed6d6e3b6602761d74b4aab4c9dd45c18abd"
  name = "gopkg.in/fsnotify/fsnotify.v1"
  packages = ["."]
  pruneopts = "UT"
  revision = "c2828203cd70a50dcccfb2761f8b1f8ceef9a8e9"
  version = "v1.4.7"

[[projects]]
  digest = "1:3c839a777de0e6da035c9de900b60cbec463b0a89351192c1ea083eaf9e0fce0"
  name = "gopkg.in/tomb.v1"
  packages = ["."]
  pruneopts = "UT"
  revision = "c131134a1947e9afd9cecfe11f4c6dff0732ae58"

[[projects]]
  digest = "1:342378ac4dcb378a5448dd723f0784ae519383532f5e70ade24132c4c8693202"
  name = "gopkg.in/yaml.v2"
  packages = ["."]
  pruneopts = "UT"
  revision = "5420a8b6744d3b0345ab293f6fcba19c978f1183"
  version = "v2.2.1"

[solve-meta]
  analyzer-name = "dep"
  analyzer-version = 1
  input-imports = [
    "code.cloudfoundry.org/cli/cf/terminal",
    "code.cloudfoundry.org/cli/cf/trace",
    "code.cloudfoundry.org/cli/plugin",
    "code.cloudfoundry.org/go-loggregator",
    "code.cloudfoundry.org/go-loggregator/rpc/loggregator_v2",
    "github.com/onsi/ginkgo",
    "github.com/onsi/gomega",
  ]
  solver-name = "gps-cdcl"
  solver-version = 1
